{
  "name": "gamedev-base",
  "lockfileVersion": 3,
  "requires": true,
  "packages": {
    "": {
      "dependencies": {
        "@babylonjs/gui": "^8.54.1"
      }
    },
    "node_modules/@babylonjs/core": {
      "version": "8.54.1",
      "resolved": "https://registry.npmjs.org/@babylonjs/core/-/core-8.54.1.tgz",
      "integrity": "sha512-1GDLlNkQ3pG9DlQSzt1SOy41Ub3c+cXhvmrYB1q5FYENolC0NUuPpTRxEl2LipVTgcxqKqyn1QcTwe+E7oXn6g==",
      "license": "Apache-2.0",
      "peer": true
    },
    "node_modules/@babylonjs/gui": {
      "version": "8.54.1",
      "resolved": "https://registry.npmjs.org/@babylonjs/gui/-/gui-8.54.1.tgz",
      "integrity": "sha512-S1sGd1KjNSTknTsT0UmH8bnfs4Sh/lVNigZIW4XlnNLNYsX8dKZzvZO1ntTyIWeiQOwfRHnwr8DofUdHIpD6rg==",
      "license": "Apache-2.0",
      "peerDependencies": {
        "@babylonjs/core": "^8.0.0"
      }
    }
  }
}
